<?xml version="1.0" encoding="utf-8"?>
<Project ToolsVersion="4.0" xmlns="http://schemas.microsoft.com/developer/msbuild/2003">
  <ItemGroup>
    <Filter Include="Source Files">
      <UniqueIdentifier>{4FC737F1-C7A5-4376-A066-2A32D752A2FF}</UniqueIdentifier>
      <Extensions>cpp;c;cc;cxx;def;odl;idl;hpj;bat;asm;asmx</Extensions>
    </Filter>
    <Filter Include="Header Files">
      <UniqueIdentifier>{93995380-89BD-4b04-88EB-625FBE52EBFB}</UniqueIdentifier>
      <Extensions>h;hh;hpp;hxx;hm;inl;inc;xsd</Extensions>
    </Filter>
    <Filter Include="Resource Files">
      <UniqueIdentifier>{67DA6AB6-F800-4c08-8B7A-83BB121AAD01}</UniqueIdentifier>
      <Extensions>rc;ico;cur;bmp;dlg;rc2;rct;bin;rgs;gif;jpg;jpeg;jpe;resx;tiff;tif;png;wav;mfcribbon-ms</Extensions>
    </Filter>
  </ItemGroup>
  <ItemGroup>
    <ClCompile Include="src\main.cpp">
      <Filter>Source Files</Filter>
    </ClCompile>
    <ClCompile Include="src\Framework\Window.cpp">
      <Filter>Source Files</Filter>
    </ClCompile>
    <ClCompile Include="src\Framework\Program.cpp">
      <Filter>Source Files</Filter>
    </ClCompile>
    <ClCompile Include="src\Framework\Scene.cpp">
      <Filter>Source Files</Filter>
    </ClCompile>
    <ClCompile Include="src\Framework\Application.cpp">
      <Filter>Source Files</Filter>
    </ClCompile>
    <ClCompile Include="src\Framework\DeferredRenderer.cpp">
      <Filter>Source Files</Filter>
    </ClCompile>
    <ClCompile Include="src\Framework\Mesh.cpp">
      <Filter>Source Files</Filter>
    </ClCompile>
    <ClCompile Include="src\Framework\Camera.cpp">
      <Filter>Source Files</Filter>
    </ClCompile>
    <ClCompile Include="src\Framework\Node.cpp">
      <Filter>Source Files</Filter>
    </ClCompile>
    <ClCompile Include="src\Framework\Object.cpp">
      <Filter>Source Files</Filter>
    </ClCompile>
    <ClCompile Include="src\Framework\IRenderer.cpp">
      <Filter>Source Files</Filter>
    </ClCompile>
    <ClCompile Include="src\Framework\Material.cpp">
      <Filter>Source Files</Filter>
    </ClCompile>
    <ClCompile Include="src\Framework\Light.cpp">
      <Filter>Source Files</Filter>
    </ClCompile>
    <ClCompile Include="src\imgui\imgui.cpp">
      <Filter>Source Files</Filter>
    </ClCompile>
    <ClCompile Include="src\imgui\imgui_demo.cpp">
      <Filter>Source Files</Filter>
    </ClCompile>
    <ClCompile Include="src\imgui\imgui_draw.cpp">
      <Filter>Source Files</Filter>
    </ClCompile>
    <ClCompile Include="src\imgui\imgui_impl.cpp">
      <Filter>Source Files</Filter>
    </ClCompile>
    <ClCompile Include="src\Framework\GUI.cpp">
      <Filter>Source Files</Filter>
    </ClCompile>
    <ClCompile Include="src\Framework\Input.cpp">
      <Filter>Source Files</Filter>
    </ClCompile>
    <ClCompile Include="src\Framework\DeferredPass.cpp">
      <Filter>Source Files</Filter>
    </ClCompile>
  </ItemGroup>
  <ItemGroup>
    <ClInclude Include="include\Framework\Window.h">
      <Filter>Header Files</Filter>
    </ClInclude>
    <ClInclude Include="include\Framework\Program.h">
      <Filter>Header Files</Filter>
    </ClInclude>
    <ClInclude Include="include\Framework\Scene.h">
      <Filter>Header Files</Filter>
    </ClInclude>
    <ClInclude Include="include\Framework\Application.h">
      <Filter>Header Files</Filter>
    </ClInclude>
    <ClInclude Include="include\Framework\DeferredRenderer.h">
      <Filter>Header Files</Filter>
    </ClInclude>
    <ClInclude Include="include\Framework\IRenderer.h">
      <Filter>Header Files</Filter>
    </ClInclude>
    <ClInclude Include="include\Framework\Mesh.h">
      <Filter>Header Files</Filter>
    </ClInclude>
    <ClInclude Include="include\Framework\Camera.h">
      <Filter>Header Files</Filter>
    </ClInclude>
    <ClInclude Include="include\Framework\Node.h">
      <Filter>Header Files</Filter>
    </ClInclude>
    <ClInclude Include="include\Framework\Object.h">
      <Filter>Header Files</Filter>
    </ClInclude>
    <ClInclude Include="include\Framework\Material.h">
      <Filter>Header Files</Filter>
    </ClInclude>
    <ClInclude Include="include\Framework\Light.h">
      <Filter>Header Files</Filter>
    </ClInclude>
    <ClInclude Include="include\imgui\imconfig.h">
      <Filter>Header Files</Filter>
    </ClInclude>
    <ClInclude Include="include\imgui\imgui.h">
      <Filter>Header Files</Filter>
    </ClInclude>
    <ClInclude Include="include\imgui\imgui_internal.h">
      <Filter>Header Files</Filter>
    </ClInclude>
    <ClInclude Include="include\imgui\stb_rect_pack.h">
      <Filter>Header Files</Filter>
    </ClInclude>
    <ClInclude Include="include\imgui\stb_textedit.h">
      <Filter>Header Files</Filter>
    </ClInclude>
    <ClInclude Include="include\imgui\stb_truetype.h">
      <Filter>Header Files</Filter>
    </ClInclude>
    <ClInclude Include="include\imgui\imgui_impl.h">
      <Filter>Header Files</Filter>
    </ClInclude>
    <ClInclude Include="include\Framework\GUI.h">
      <Filter>Header Files</Filter>
    </ClInclude>
    <ClInclude Include="include\Framework\Input.h">
      <Filter>Header Files</Filter>
    </ClInclude>
    <ClInclude Include="include\Framework\Defaults.h">
      <Filter>Header Files</Filter>
    </ClInclude>
    <ClInclude Include="include\Framework\IRenderPass.h">
      <Filter>Header Files</Filter>
    </ClInclude>
    <ClInclude Include="include\Framework\DeferredPass.h">
      <Filter>Header Files</Filter>
    </ClInclude>
  </ItemGroup>
  <ItemGroup>
    <None Include="src\Shaders\Basic.vert" />
    <None Include="src\Shaders\Basic.frag" />
    <None Include="src\Shaders\DeferredPass.vert" />
    <None Include="src\Shaders\DeferredPass.frag" />
    <None Include="src\Shaders\LightingPass.vert" />
    <None Include="src\Shaders\LightingPass.frag" />
  </ItemGroup>
</Project>